
Microsoft Visual Studio Solution File, Format Version 12.00
# Visual Studio Version 17
VisualStudioVersion = 17.5.002.0
MinimumVisualStudioVersion = 10.0.40219.1
Project("{9A19103F-16F7-4668-BE54-9A1E7A4F7556}") = "01concepts", "01concepts\01concepts.csproj", "{DDCCC762-2976-43BB-9328-DEA428663B78}"
EndProject
Global
	GlobalSection(SolutionConfigurationPlatforms) = preSolution
		Debug|Any CPU = Debug|Any CPU
		Release|Any CPU = Release|Any CPU
	EndGlobalSection
	GlobalSection(ProjectConfigurationPlatforms) = postSolution
		{DDCCC762-2976-43BB-9328-DEA428663B78}.Debug|Any CPU.ActiveCfg = Debug|Any CPU
		{DDCCC762-2976-43BB-9328-DEA428663B78}.Debug|Any CPU.Build.0 = Debug|Any CPU
		{DDCCC762-2976-43BB-9328-DEA428663B78}.Release|Any CPU.ActiveCfg = Release|Any CPU
		{DDCCC762-2976-43BB-9328-DEA428663B78}.Release|Any CPU.Build.0 = Release|Any CPU
	EndGlobalSection
	GlobalSection(SolutionProperties) = preSolution
		HideSolutionNode = FALSE
	EndGlobalSection
	GlobalSection(ExtensibilityGlobals) = postSolution
		SolutionGuid = {5E0AD01A-A212-4AB7-AE0F-E846EAC62A3F}
	EndGlobalSection
EndGlobal
